
Microsoft Visual Studio Solution File, Format Version 12.00
# Visual Studio Version 16
VisualStudioVersion = 16.0.30114.105
MinimumVisualStudioVersion = 10.0.40219.1
Project("{FAE04EC0-301F-11D3-BF4B-00C04F79EFBC}") = "Kana", "Kana\Kana.csproj", "{589B3DE0-1796-4E48-B6A3-2F8E271CBB72}"
EndProject
Project("{FAE04EC0-301F-11D3-BF4B-00C04F79EFBC}") = "Kana.Tests", "Kana.Tests\Kana.Tests.csproj", "{4DC064C5-50E0-4F7B-9DB0-F996D46482D8}"
EndProject
Project("{FAE04EC0-301F-11D3-BF4B-00C04F79EFBC}") = "Importer", "Importer\Importer.csproj", "{1925C475-04C7-4909-AE7E-5ABAAAA0E680}"
EndProject
Project("{FAE04EC0-301F-11D3-BF4B-00C04F79EFBC}") = "Importer.Test", "Importer.Test\Importer.Test.csproj", "{8D0706E3-90E1-49AC-AEB1-86DCDD196891}"
EndProject
Project("{FAE04EC0-301F-11D3-BF4B-00C04F79EFBC}") = "Dictionary", "Dictionary\Dictionary.csproj", "{874B8146-347C-4A97-9AE2-0BE58B2D1A6E}"
EndProject
Project("{FAE04EC0-301F-11D3-BF4B-00C04F79EFBC}") = "Dictionary.Test", "Dictionary.Test\Dictionary.Test.csproj", "{DA7B6F2F-4E46-4D0D-8382-97FD36323DF7}"
EndProject
Project("{FAE04EC0-301F-11D3-BF4B-00C04F79EFBC}") = "Importer.CLI", "Importer.CLI\Importer.CLI.csproj", "{CED0A5FB-E0F7-40F8-B958-AF582BDEF2AB}"
EndProject
Project("{FAE04EC0-301F-11D3-BF4B-00C04F79EFBC}") = "Kotoba.Web", "Kotoba.Web\Kotoba.Web.csproj", "{8457EDDB-F78E-4F3A-BA1E-0F78D50510E7}"
EndProject
Project("{FAE04EC0-301F-11D3-BF4B-00C04F79EFBC}") = "Kotoba.Data", "Kotoba.Data\Kotoba.Data.csproj", "{B6751571-C544-4E20-BA60-699226E1FC49}"
EndProject
Project("{FAE04EC0-301F-11D3-BF4B-00C04F79EFBC}") = "Kotoba.Data.Test", "Kotoba.Data.Test\Kotoba.Data.Test.csproj", "{58665270-088E-4DCC-BE81-32A7D17EED33}"
EndProject
Global
	GlobalSection(SolutionConfigurationPlatforms) = preSolution
		Debug|Any CPU = Debug|Any CPU
		Release|Any CPU = Release|Any CPU
	EndGlobalSection
	GlobalSection(SolutionProperties) = preSolution
		HideSolutionNode = FALSE
	EndGlobalSection
	GlobalSection(ProjectConfigurationPlatforms) = postSolution
		{589B3DE0-1796-4E48-B6A3-2F8E271CBB72}.Debug|Any CPU.ActiveCfg = Debug|Any CPU
		{589B3DE0-1796-4E48-B6A3-2F8E271CBB72}.Debug|Any CPU.Build.0 = Debug|Any CPU
		{589B3DE0-1796-4E48-B6A3-2F8E271CBB72}.Release|Any CPU.ActiveCfg = Release|Any CPU
		{589B3DE0-1796-4E48-B6A3-2F8E271CBB72}.Release|Any CPU.Build.0 = Release|Any CPU
		{4DC064C5-50E0-4F7B-9DB0-F996D46482D8}.Debug|Any CPU.ActiveCfg = Debug|Any CPU
		{4DC064C5-50E0-4F7B-9DB0-F996D46482D8}.Debug|Any CPU.Build.0 = Debug|Any CPU
		{4DC064C5-50E0-4F7B-9DB0-F996D46482D8}.Release|Any CPU.ActiveCfg = Release|Any CPU
		{4DC064C5-50E0-4F7B-9DB0-F996D46482D8}.Release|Any CPU.Build.0 = Release|Any CPU
		{1925C475-04C7-4909-AE7E-5ABAAAA0E680}.Debug|Any CPU.ActiveCfg = Debug|Any CPU
		{1925C475-04C7-4909-AE7E-5ABAAAA0E680}.Debug|Any CPU.Build.0 = Debug|Any CPU
		{1925C475-04C7-4909-AE7E-5ABAAAA0E680}.Release|Any CPU.ActiveCfg = Release|Any CPU
		{1925C475-04C7-4909-AE7E-5ABAAAA0E680}.Release|Any CPU.Build.0 = Release|Any CPU
		{8D0706E3-90E1-49AC-AEB1-86DCDD196891}.Debug|Any CPU.ActiveCfg = Debug|Any CPU
		{8D0706E3-90E1-49AC-AEB1-86DCDD196891}.Debug|Any CPU.Build.0 = Debug|Any CPU
		{8D0706E3-90E1-49AC-AEB1-86DCDD196891}.Release|Any CPU.ActiveCfg = Release|Any CPU
		{8D0706E3-90E1-49AC-AEB1-86DCDD196891}.Release|Any CPU.Build.0 = Release|Any CPU
		{874B8146-347C-4A97-9AE2-0BE58B2D1A6E}.Debug|Any CPU.ActiveCfg = Debug|Any CPU
		{874B8146-347C-4A97-9AE2-0BE58B2D1A6E}.Debug|Any CPU.Build.0 = Debug|Any CPU
		{874B8146-347C-4A97-9AE2-0BE58B2D1A6E}.Release|Any CPU.ActiveCfg = Release|Any CPU
		{874B8146-347C-4A97-9AE2-0BE58B2D1A6E}.Release|Any CPU.Build.0 = Release|Any CPU
		{DA7B6F2F-4E46-4D0D-8382-97FD36323DF7}.Debug|Any CPU.ActiveCfg = Debug|Any CPU
		{DA7B6F2F-4E46-4D0D-8382-97FD36323DF7}.Debug|Any CPU.Build.0 = Debug|Any CPU
		{DA7B6F2F-4E46-4D0D-8382-97FD36323DF7}.Release|Any CPU.ActiveCfg = Release|Any CPU
		{DA7B6F2F-4E46-4D0D-8382-97FD36323DF7}.Release|Any CPU.Build.0 = Release|Any CPU
		{CED0A5FB-E0F7-40F8-B958-AF582BDEF2AB}.Debug|Any CPU.ActiveCfg = Debug|Any CPU
		{CED0A5FB-E0F7-40F8-B958-AF582BDEF2AB}.Debug|Any CPU.Build.0 = Debug|Any CPU
		{CED0A5FB-E0F7-40F8-B958-AF582BDEF2AB}.Release|Any CPU.ActiveCfg = Release|Any CPU
		{CED0A5FB-E0F7-40F8-B958-AF582BDEF2AB}.Release|Any CPU.Build.0 = Release|Any CPU
		{8457EDDB-F78E-4F3A-BA1E-0F78D50510E7}.Debug|Any CPU.ActiveCfg = Debug|Any CPU
		{8457EDDB-F78E-4F3A-BA1E-0F78D50510E7}.Debug|Any CPU.Build.0 = Debug|Any CPU
		{8457EDDB-F78E-4F3A-BA1E-0F78D50510E7}.Release|Any CPU.ActiveCfg = Release|Any CPU
		{8457EDDB-F78E-4F3A-BA1E-0F78D50510E7}.Release|Any CPU.Build.0 = Release|Any CPU
		{B6751571-C544-4E20-BA60-699226E1FC49}.Debug|Any CPU.ActiveCfg = Debug|Any CPU
		{B6751571-C544-4E20-BA60-699226E1FC49}.Debug|Any CPU.Build.0 = Debug|Any CPU
		{B6751571-C544-4E20-BA60-699226E1FC49}.Release|Any CPU.ActiveCfg = Release|Any CPU
		{B6751571-C544-4E20-BA60-699226E1FC49}.Release|Any CPU.Build.0 = Release|Any CPU
		{58665270-088E-4DCC-BE81-32A7D17EED33}.Debug|Any CPU.ActiveCfg = Debug|Any CPU
		{58665270-088E-4DCC-BE81-32A7D17EED33}.Debug|Any CPU.Build.0 = Debug|Any CPU
		{58665270-088E-4DCC-BE81-32A7D17EED33}.Release|Any CPU.ActiveCfg = Release|Any CPU
		{58665270-088E-4DCC-BE81-32A7D17EED33}.Release|Any CPU.Build.0 = Release|Any CPU
	EndGlobalSection
EndGlobal
