
Microsoft Visual Studio Solution File, Format Version 12.00
# Visual Studio Version 16
VisualStudioVersion = 16.0.30114.105
MinimumVisualStudioVersion = 10.0.40219.1
Project("{FAE04EC0-301F-11D3-BF4B-00C04F79EFBC}") = "Kana", "Kana\Kana.csproj", "{589B3DE0-1796-4E48-B6A3-2F8E271CBB72}"
EndProject
Project("{FAE04EC0-301F-11D3-BF4B-00C04F79EFBC}") = "Kotoba.CLI", "Kotoba.CLI\Kotoba.CLI.csproj", "{26C19486-E95D-47D9-9EA4-90EB93924A36}"
EndProject
Global
	GlobalSection(SolutionConfigurationPlatforms) = preSolution
		Debug|Any CPU = Debug|Any CPU
		Release|Any CPU = Release|Any CPU
	EndGlobalSection
	GlobalSection(SolutionProperties) = preSolution
		HideSolutionNode = FALSE
	EndGlobalSection
	GlobalSection(ProjectConfigurationPlatforms) = postSolution
		{589B3DE0-1796-4E48-B6A3-2F8E271CBB72}.Debug|Any CPU.ActiveCfg = Debug|Any CPU
		{589B3DE0-1796-4E48-B6A3-2F8E271CBB72}.Debug|Any CPU.Build.0 = Debug|Any CPU
		{589B3DE0-1796-4E48-B6A3-2F8E271CBB72}.Release|Any CPU.ActiveCfg = Release|Any CPU
		{589B3DE0-1796-4E48-B6A3-2F8E271CBB72}.Release|Any CPU.Build.0 = Release|Any CPU
		{26C19486-E95D-47D9-9EA4-90EB93924A36}.Debug|Any CPU.ActiveCfg = Debug|Any CPU
		{26C19486-E95D-47D9-9EA4-90EB93924A36}.Debug|Any CPU.Build.0 = Debug|Any CPU
		{26C19486-E95D-47D9-9EA4-90EB93924A36}.Release|Any CPU.ActiveCfg = Release|Any CPU
		{26C19486-E95D-47D9-9EA4-90EB93924A36}.Release|Any CPU.Build.0 = Release|Any CPU
	EndGlobalSection
EndGlobal
